// !$*UTF8*$!
{
	archiveVersion = 1;
	classes = {
	};
	objectVersion = 46;
	objects = {

/* Begin PBXBuildFile section */
		866D74DE1E1ACC6900E351B7 /* AppDelegate.swift in Sources */ = {isa = PBXBuildFile; fileRef = 866D74DD1E1ACC6900E351B7 /* AppDelegate.swift */; };
		866D74E31E1ACC6900E351B7 /* Main.storyboard in Resources */ = {isa = PBXBuildFile; fileRef = 866D74E11E1ACC6900E351B7 /* Main.storyboard */; };
		866D74E61E1ACC6900E351B7 /* Todo_List.xcdatamodeld in Sources */ = {isa = PBXBuildFile; fileRef = 866D74E41E1ACC6900E351B7 /* Todo_List.xcdatamodeld */; };
		866D74E81E1ACC6900E351B7 /* Assets.xcassets in Resources */ = {isa = PBXBuildFile; fileRef = 866D74E71E1ACC6900E351B7 /* Assets.xcassets */; };
		866D74EB1E1ACC6900E351B7 /* LaunchScreen.storyboard in Resources */ = {isa = PBXBuildFile; fileRef = 866D74E91E1ACC6900E351B7 /* LaunchScreen.storyboard */; };
		866D74F51E1AD5B800E351B7 /* TodoListsTableViewController.swift in Sources */ = {isa = PBXBuildFile; fileRef = 866D74F41E1AD5B800E351B7 /* TodoListsTableViewController.swift */; };
		866D74F71E1AD66000E351B7 /* TodoListTableViewCell.swift in Sources */ = {isa = PBXBuildFile; fileRef = 866D74F61E1AD66000E351B7 /* TodoListTableViewCell.swift */; };
/* End PBXBuildFile section */

/* Begin PBXFileReference section */
		866D74DA1E1ACC6900E351B7 /* Todo-List.app */ = {isa = PBXFileReference; explicitFileType = wrapper.application; includeInIndex = 0; path = "Todo-List.app"; sourceTree = BUILT_PRODUCTS_DIR; };
		866D74DD1E1ACC6900E351B7 /* AppDelegate.swift */ = {isa = PBXFileReference; lastKnownFileType = sourcecode.swift; path = AppDelegate.swift; sourceTree = "<group>"; };
		866D74E21E1ACC6900E351B7 /* Base */ = {isa = PBXFileReference; lastKnownFileType = file.storyboard; name = Base; path = Base.lproj/Main.storyboard; sourceTree = "<group>"; };
		866D74E51E1ACC6900E351B7 /* Todo_List.xcdatamodel */ = {isa = PBXFileReference; lastKnownFileType = wrapper.xcdatamodel; path = Todo_List.xcdatamodel; sourceTree = "<group>"; };
		866D74E71E1ACC6900E351B7 /* Assets.xcassets */ = {isa = PBXFileReference; lastKnownFileType = folder.assetcatalog; path = Assets.xcassets; sourceTree = "<group>"; };
		866D74EA1E1ACC6900E351B7 /* Base */ = {isa = PBXFileReference; lastKnownFileType = file.storyboard; name = Base; path = Base.lproj/LaunchScreen.storyboard; sourceTree = "<group>"; };
		866D74EC1E1ACC6900E351B7 /* Info.plist */ = {isa = PBXFileReference; lastKnownFileType = text.plist.xml; path = Info.plist; sourceTree = "<group>"; };
		866D74F41E1AD5B800E351B7 /* TodoListsTableViewController.swift */ = {isa = PBXFileReference; fileEncoding = 4; lastKnownFileType = sourcecode.swift; path = TodoListsTableViewController.swift; sourceTree = "<group>"; };
		866D74F61E1AD66000E351B7 /* TodoListTableViewCell.swift */ = {isa = PBXFileReference; fileEncoding = 4; lastKnownFileType = sourcecode.swift; path = TodoListTableViewCell.swift; sourceTree = "<group>"; };
/* End PBXFileReference section */

/* Begin PBXFrameworksBuildPhase section */
		866D74D71E1ACC6900E351B7 /* Frameworks */ = {
			isa = PBXFrameworksBuildPhase;
			buildActionMask = 2147483647;
			files = (
			);
			runOnlyForDeploymentPostprocessing = 0;
		};
/* End PBXFrameworksBuildPhase section */

/* Begin PBXGroup section */
		866D74D11E1ACC6900E351B7 = {
			isa = PBXGroup;
			children = (
				866D74DC1E1ACC6900E351B7 /* Todo-List */,
				866D74DB1E1ACC6900E351B7 /* Products */,
			);
			sourceTree = "<group>";
		};
		866D74DB1E1ACC6900E351B7 /* Products */ = {
			isa = PBXGroup;
			children = (
				866D74DA1E1ACC6900E351B7 /* Todo-List.app */,
			);
			name = Products;
			sourceTree = "<group>";
		};
		866D74DC1E1ACC6900E351B7 /* Todo-List */ = {
			isa = PBXGroup;
			children = (
				866D74DD1E1ACC6900E351B7 /* AppDelegate.swift */,
				866D74E11E1ACC6900E351B7 /* Main.storyboard */,
				866D74E71E1ACC6900E351B7 /* Assets.xcassets */,
				866D74E91E1ACC6900E351B7 /* LaunchScreen.storyboard */,
				866D74EC1E1ACC6900E351B7 /* Info.plist */,
				866D74E41E1ACC6900E351B7 /* Todo_List.xcdatamodeld */,
				866D74F41E1AD5B800E351B7 /* TodoListsTableViewController.swift */,
				866D74F61E1AD66000E351B7 /* TodoListTableViewCell.swift */,
			);
			path = "Todo-List";
			sourceTree = "<group>";
		};
/* End PBXGroup section */

/* Begin PBXNativeTarget section */
		866D74D91E1ACC6900E351B7 /* Todo-List */ = {
			isa = PBXNativeTarget;
			buildConfigurationList = 866D74EF1E1ACC6900E351B7 /* Build configuration list for PBXNativeTarget "Todo-List" */;
			buildPhases = (
				866D74D61E1ACC6900E351B7 /* Sources */,
				866D74D71E1ACC6900E351B7 /* Frameworks */,
				866D74D81E1ACC6900E351B7 /* Resources */,
			);
			buildRules = (
			);
			dependencies = (
			);
			name = "Todo-List";
			productName = "Todo-List";
			productReference = 866D74DA1E1ACC6900E351B7 /* Todo-List.app */;
			productType = "com.apple.product-type.application";
		};
/* End PBXNativeTarget section */

/* Begin PBXProject section */
		866D74D21E1ACC6900E351B7 /* Project object */ = {
			isa = PBXProject;
			attributes = {
				LastSwiftUpdateCheck = 0820;
				LastUpgradeCheck = 0820;
				ORGANIZATIONNAME = "Mary Huerta";
				TargetAttributes = {
					866D74D91E1ACC6900E351B7 = {
						CreatedOnToolsVersion = 8.2.1;
						ProvisioningStyle = Automatic;
					};
				};
			};
			buildConfigurationList = 866D74D51E1ACC6900E351B7 /* Build configuration list for PBXProject "Todo-List" */;
			compatibilityVersion = "Xcode 3.2";
			developmentRegion = English;
			hasScannedForEncodings = 0;
			knownRegions = (
				en,
				Base,
			);
			mainGroup = 866D74D11E1ACC6900E351B7;
			productRefGroup = 866D74DB1E1ACC6900E351B7 /* Products */;
			projectDirPath = "";
			projectRoot = "";
			targets = (
				866D74D91E1ACC6900E351B7 /* Todo-List */,
			);
		};
/* End PBXProject section */

/* Begin PBXResourcesBuildPhase section */
		866D74D81E1ACC6900E351B7 /* Resources */ = {
			isa = PBXResourcesBuildPhase;
			buildActionMask = 2147483647;
			files = (
				866D74EB1E1ACC6900E351B7 /* LaunchScreen.storyboard in Resources */,
				866D74E81E1ACC6900E351B7 /* Assets.xcassets in Resources */,
				866D74E31E1ACC6900E351B7 /* Main.storyboard in Resources */,
			);
			runOnlyForDeploymentPostprocessing = 0;
		};
/* End PBXResourcesBuildPhase section */

/* Begin PBXSourcesBuildPhase section */
		866D74D61E1ACC6900E351B7 /* Sources */ = {
			isa = PBXSourcesBuildPhase;
			buildActionMask = 2147483647;
			files = (
				866D74E61E1ACC6900E351B7 /* Todo_List.xcdatamodeld in Sources */,
				866D74F51E1AD5B800E351B7 /* TodoListsTableViewController.swift in Sources */,
				866D74DE1E1ACC6900E351B7 /* AppDelegate.swift in Sources */,
				866D74F71E1AD66000E351B7 /* TodoListTableViewCell.swift in Sources */,
			);
			runOnlyForDeploymentPostprocessing = 0;
		};
/* End PBXSourcesBuildPhase section */

/* Begin PBXVariantGroup section */
		866D74E11E1ACC6900E351B7 /* Main.storyboard */ = {
			isa = PBXVariantGroup;
			children = (
				866D74E21E1ACC6900E351B7 /* Base */,
			);
			name = Main.storyboard;
			sourceTree = "<group>";
		};
		866D74E91E1ACC6900E351B7 /* LaunchScreen.storyboard */ = {
			isa = PBXVariantGroup;
			children = (
				866D74EA1E1ACC6900E351B7 /* Base */,
			);
			name = LaunchScreen.storyboard;
			sourceTree = "<group>";
		};
/* End PBXVariantGroup section */

/* Begin XCBuildConfiguration section */
		866D74ED1E1ACC6900E351B7 /* Debug */ = {
			isa = XCBuildConfiguration;
			buildSettings = {
				ALWAYS_SEARCH_USER_PATHS = NO;
				CLANG_ANALYZER_NONNULL = YES;
				CLANG_CXX_LANGUAGE_STANDARD = "gnu++0x";
				CLANG_CXX_LIBRARY = "libc++";
				CLANG_ENABLE_MODULES = YES;
				CLANG_ENABLE_OBJC_ARC = YES;
				CLANG_WARN_BOOL_CONVERSION = YES;
				CLANG_WARN_CONSTANT_CONVERSION = YES;
				CLANG_WARN_DIRECT_OBJC_ISA_USAGE = YES_ERROR;
				CLANG_WARN_DOCUMENTATION_COMMENTS = YES;
				CLANG_WARN_EMPTY_BODY = YES;
				CLANG_WARN_ENUM_CONVERSION = YES;
				CLANG_WARN_INFINITE_RECURSION = YES;
				CLANG_WARN_INT_CONVERSION = YES;
				CLANG_WARN_OBJC_ROOT_CLASS = YES_ERROR;
				CLANG_WARN_SUSPICIOUS_MOVE = YES;
				CLANG_WARN_UNREACHABLE_CODE = YES;
				CLANG_WARN__DUPLICATE_METHOD_MATCH = YES;
				"CODE_SIGN_IDENTITY[sdk=iphoneos*]" = "iPhone Developer";
				COPY_PHASE_STRIP = NO;
				DEBUG_INFORMATION_FORMAT = dwarf;
				ENABLE_STRICT_OBJC_MSGSEND = YES;
				ENABLE_TESTABILITY = YES;
				GCC_C_LANGUAGE_STANDARD = gnu99;
				GCC_DYNAMIC_NO_PIC = NO;
				GCC_NO_COMMON_BLOCKS = YES;
				GCC_OPTIMIZATION_LEVEL = 0;
				GCC_PREPROCESSOR_DEFINITIONS = (
					"DEBUG=1",
					"$(inherited)",
				);
				GCC_WARN_64_TO_32_BIT_CONVERSION = YES;
				GCC_WARN_ABOUT_RETURN_TYPE = YES_ERROR;
				GCC_WARN_UNDECLARED_SELECTOR = YES;
				GCC_WARN_UNINITIALIZED_AUTOS = YES_AGGRESSIVE;
				GCC_WARN_UNUSED_FUNCTION = YES;
				GCC_WARN_UNUSED_VARIABLE = YES;
				IPHONEOS_DEPLOYMENT_TARGET = 10.2;
				MTL_ENABLE_DEBUG_INFO = YES;
				ONLY_ACTIVE_ARCH = YES;
				SDKROOT = iphoneos;
				SWIFT_ACTIVE_COMPILATION_CONDITIONS = DEBUG;
				SWIFT_OPTIMIZATION_LEVEL = "-Onone";
			};
			name = Debug;
		};
		866D74EE1E1ACC6900E351B7 /* Release */ = {
			isa = XCBuildConfiguration;
			buildSettings = {
				ALWAYS_SEARCH_USER_PATHS = NO;
				CLANG_ANALYZER_NONNULL = YES;
				CLANG_CXX_LANGUAGE_STANDARD = "gnu++0x";
				CLANG_CXX_LIBRARY = "libc++";
				CLANG_ENABLE_MODULES = YES;
				CLANG_ENABLE_OBJC_ARC = YES;
				CLANG_WARN_BOOL_CONVERSION = YES;
				CLANG_WARN_CONSTANT_CONVERSION = YES;
				CLANG_WARN_DIRECT_OBJC_ISA_USAGE = YES_ERROR;
				CLANG_WARN_DOCUMENTATION_COMMENTS = YES;
				CLANG_WARN_EMPTY_BODY = YES;
				CLANG_WARN_ENUM_CONVERSION = YES;
				CLANG_WARN_INFINITE_RECURSION = YES;
				CLANG_WARN_INT_CONVERSION = YES;
				CLANG_WARN_OBJC_ROOT_CLASS = YES_ERROR;
				CLANG_WARN_SUSPICIOUS_MOVE = YES;
				CLANG_WARN_UNREACHABLE_CODE = YES;
				CLANG_WARN__DUPLICATE_METHOD_MATCH = YES;
				"CODE_SIGN_IDENTITY[sdk=iphoneos*]" = "iPhone Developer";
				COPY_PHASE_STRIP = NO;
				DEBUG_INFORMATION_FORMAT = "dwarf-with-dsym";
				ENABLE_NS_ASSERTIONS = NO;
				ENABLE_STRICT_OBJC_MSGSEND = YES;
				GCC_C_LANGUAGE_STANDARD = gnu99;
				GCC_NO_COMMON_BLOCKS = YES;
				GCC_WARN_64_TO_32_BIT_CONVERSION = YES;
				GCC_WARN_ABOUT_RETURN_TYPE = YES_ERROR;
				GCC_WARN_UNDECLARED_SELECTOR = YES;
				GCC_WARN_UNINITIALIZED_AUTOS = YES_AGGRESSIVE;
				GCC_WARN_UNUSED_FUNCTION = YES;
				GCC_WARN_UNUSED_VARIABLE = YES;
				IPHONEOS_DEPLOYMENT_TARGET = 10.2;
				MTL_ENABLE_DEBUG_INFO = NO;
				SDKROOT = iphoneos;
				SWIFT_OPTIMIZATION_LEVEL = "-Owholemodule";
				VALIDATE_PRODUCT = YES;
			};
			name = Release;
		};
		866D74F01E1ACC6900E351B7 /* Debug */ = {
			isa = XCBuildConfiguration;
			buildSettings = {
				ASSETCATALOG_COMPILER_APPICON_NAME = AppIcon;
				INFOPLIST_FILE = "Todo-List/Info.plist";
				LD_RUNPATH_SEARCH_PATHS = "$(inherited) @executable_path/Frameworks";
				PRODUCT_BUNDLE_IDENTIFIER = "Mary.Todo-List";
				PRODUCT_NAME = "$(TARGET_NAME)";
				SWIFT_VERSION = 3.0;
			};
			name = Debug;
		};
		866D74F11E1ACC6900E351B7 /* Release */ = {
			isa = XCBuildConfiguration;
			buildSettings = {
				ASSETCATALOG_COMPILER_APPICON_NAME = AppIcon;
				INFOPLIST_FILE = "Todo-List/Info.plist";
				LD_RUNPATH_SEARCH_PATHS = "$(inherited) @executable_path/Frameworks";
				PRODUCT_BUNDLE_IDENTIFIER = "Mary.Todo-List";
				PRODUCT_NAME = "$(TARGET_NAME)";
				SWIFT_VERSION = 3.0;
			};
			name = Release;
		};
/* End XCBuildConfiguration section */

/* Begin XCConfigurationList section */
		866D74D51E1ACC6900E351B7 /* Build configuration list for PBXProject "Todo-List" */ = {
			isa = XCConfigurationList;
			buildConfigurations = (
				866D74ED1E1ACC6900E351B7 /* Debug */,
				866D74EE1E1ACC6900E351B7 /* Release */,
			);
			defaultConfigurationIsVisible = 0;
			defaultConfigurationName = Release;
		};
		866D74EF1E1ACC6900E351B7 /* Build configuration list for PBXNativeTarget "Todo-List" */ = {
			isa = XCConfigurationList;
			buildConfigurations = (
				866D74F01E1ACC6900E351B7 /* Debug */,
				866D74F11E1ACC6900E351B7 /* Release */,
			);
			defaultConfigurationIsVisible = 0;
		};
/* End XCConfigurationList section */

/* Begin XCVersionGroup section */
		866D74E41E1ACC6900E351B7 /* Todo_List.xcdatamodeld */ = {
			isa = XCVersionGroup;
			children = (
				866D74E51E1ACC6900E351B7 /* Todo_List.xcdatamodel */,
			);
			currentVersion = 866D74E51E1ACC6900E351B7 /* Todo_List.xcdatamodel */;
			path = Todo_List.xcdatamodeld;
			sourceTree = "<group>";
			versionGroupType = wrapper.xcdatamodel;
		};
/* End XCVersionGroup section */
	};
	rootObject = 866D74D21E1ACC6900E351B7 /* Project object */;
}
